
Microsoft Visual Studio Solution File, Format Version 12.00
# Visual Studio 15
VisualStudioVersion = 15.0.27703.2042
MinimumVisualStudioVersion = 10.0.40219.1
Project("{FAE04EC0-301F-11D3-BF4B-00C04F79EFBC}") = "CustomAttributeExample", "CustomAttributeExample\CustomAttributeExample.csproj", "{03BE93FA-17B7-40A3-BDD9-CEA2BDDB31EB}"
EndProject
Project("{FAE04EC0-301F-11D3-BF4B-00C04F79EFBC}") = "CustomAttributeExampleTests", "CustomAttributeExampleTests\CustomAttributeExampleTests.csproj", "{DABFCF35-3441-4192-9B81-D5B5CD23014D}"
EndProject
Global
	GlobalSection(SolutionConfigurationPlatforms) = preSolution
		Debug|Any CPU = Debug|Any CPU
		Release|Any CPU = Release|Any CPU
	EndGlobalSection
	GlobalSection(ProjectConfigurationPlatforms) = postSolution
		{03BE93FA-17B7-40A3-BDD9-CEA2BDDB31EB}.Debug|Any CPU.ActiveCfg = Debug|Any CPU
		{03BE93FA-17B7-40A3-BDD9-CEA2BDDB31EB}.Debug|Any CPU.Build.0 = Debug|Any CPU
		{03BE93FA-17B7-40A3-BDD9-CEA2BDDB31EB}.Release|Any CPU.ActiveCfg = Release|Any CPU
		{03BE93FA-17B7-40A3-BDD9-CEA2BDDB31EB}.Release|Any CPU.Build.0 = Release|Any CPU
		{DABFCF35-3441-4192-9B81-D5B5CD23014D}.Debug|Any CPU.ActiveCfg = Debug|Any CPU
		{DABFCF35-3441-4192-9B81-D5B5CD23014D}.Debug|Any CPU.Build.0 = Debug|Any CPU
		{DABFCF35-3441-4192-9B81-D5B5CD23014D}.Release|Any CPU.ActiveCfg = Release|Any CPU
		{DABFCF35-3441-4192-9B81-D5B5CD23014D}.Release|Any CPU.Build.0 = Release|Any CPU
	EndGlobalSection
	GlobalSection(SolutionProperties) = preSolution
		HideSolutionNode = FALSE
	EndGlobalSection
	GlobalSection(ExtensibilityGlobals) = postSolution
		SolutionGuid = {E6B6D4A4-B3C8-450A-8480-78AB870078AB}
	EndGlobalSection
EndGlobal
